// !$*UTF8*$!
{
	archiveVersion = 1;
	classes = {
	};
	objectVersion = 56;
	objects = {

/* Begin PBXBuildFile section */
		FAE788B12BD0147000623467 /* SeSACSwiftUIApp.swift in Sources */ = {isa = PBXBuildFile; fileRef = FAE788B02BD0147000623467 /* SeSACSwiftUIApp.swift */; };
		FAE788B32BD0147000623467 /* ContentView.swift in Sources */ = {isa = PBXBuildFile; fileRef = FAE788B22BD0147000623467 /* ContentView.swift */; };
		FAE788B52BD0147100623467 /* Assets.xcassets in Resources */ = {isa = PBXBuildFile; fileRef = FAE788B42BD0147100623467 /* Assets.xcassets */; };
		FAE788B82BD0147100623467 /* Preview Assets.xcassets in Resources */ = {isa = PBXBuildFile; fileRef = FAE788B72BD0147100623467 /* Preview Assets.xcassets */; };
		FAE788C42BD0168A00623467 /* BlueModifier.swift in Sources */ = {isa = PBXBuildFile; fileRef = FAE788C32BD0168A00623467 /* BlueModifier.swift */; };
		FAE788C62BD016DD00623467 /* View+Extension.swift in Sources */ = {isa = PBXBuildFile; fileRef = FAE788C52BD016DD00623467 /* View+Extension.swift */; };
		FAE788C82BD017D800623467 /* MenuView.swift in Sources */ = {isa = PBXBuildFile; fileRef = FAE788C72BD017D800623467 /* MenuView.swift */; };
		FAE788CA2BD01B4200623467 /* Color+Extension.swift in Sources */ = {isa = PBXBuildFile; fileRef = FAE788C92BD01B4200623467 /* Color+Extension.swift */; };
		FAE788CC2BD01C9600623467 /* RandomColorBackgroundModifier.swift in Sources */ = {isa = PBXBuildFile; fileRef = FAE788CB2BD01C9600623467 /* RandomColorBackgroundModifier.swift */; };
/* End PBXBuildFile section */

/* Begin PBXFileReference section */
		FAE788AD2BD0147000623467 /* SeSACSwiftUI.app */ = {isa = PBXFileReference; explicitFileType = wrapper.application; includeInIndex = 0; path = SeSACSwiftUI.app; sourceTree = BUILT_PRODUCTS_DIR; };
		FAE788B02BD0147000623467 /* SeSACSwiftUIApp.swift */ = {isa = PBXFileReference; lastKnownFileType = sourcecode.swift; path = SeSACSwiftUIApp.swift; sourceTree = "<group>"; };
		FAE788B22BD0147000623467 /* ContentView.swift */ = {isa = PBXFileReference; lastKnownFileType = sourcecode.swift; path = ContentView.swift; sourceTree = "<group>"; };
		FAE788B42BD0147100623467 /* Assets.xcassets */ = {isa = PBXFileReference; lastKnownFileType = folder.assetcatalog; path = Assets.xcassets; sourceTree = "<group>"; };
		FAE788B72BD0147100623467 /* Preview Assets.xcassets */ = {isa = PBXFileReference; lastKnownFileType = folder.assetcatalog; path = "Preview Assets.xcassets"; sourceTree = "<group>"; };
		FAE788C32BD0168A00623467 /* BlueModifier.swift */ = {isa = PBXFileReference; lastKnownFileType = sourcecode.swift; name = BlueModifier.swift; path = SeSACSwiftUI/CustomView/BlueModifier.swift; sourceTree = SOURCE_ROOT; };
		FAE788C52BD016DD00623467 /* View+Extension.swift */ = {isa = PBXFileReference; lastKnownFileType = sourcecode.swift; path = "View+Extension.swift"; sourceTree = "<group>"; };
		FAE788C72BD017D800623467 /* MenuView.swift */ = {isa = PBXFileReference; lastKnownFileType = sourcecode.swift; path = MenuView.swift; sourceTree = "<group>"; };
		FAE788C92BD01B4200623467 /* Color+Extension.swift */ = {isa = PBXFileReference; lastKnownFileType = sourcecode.swift; path = "Color+Extension.swift"; sourceTree = "<group>"; };
		FAE788CB2BD01C9600623467 /* RandomColorBackgroundModifier.swift */ = {isa = PBXFileReference; lastKnownFileType = sourcecode.swift; name = RandomColorBackgroundModifier.swift; path = SeSACSwiftUI/Extension/RandomColorBackgroundModifier.swift; sourceTree = SOURCE_ROOT; };
/* End PBXFileReference section */

/* Begin PBXFrameworksBuildPhase section */
		FAE788AA2BD0147000623467 /* Frameworks */ = {
			isa = PBXFrameworksBuildPhase;
			buildActionMask = 2147483647;
			files = (
			);
			runOnlyForDeploymentPostprocessing = 0;
		};
/* End PBXFrameworksBuildPhase section */

/* Begin PBXGroup section */
		FAE788A42BD0147000623467 = {
			isa = PBXGroup;
			children = (
				FAE788AF2BD0147000623467 /* SeSACSwiftUI */,
				FAE788AE2BD0147000623467 /* Products */,
			);
			sourceTree = "<group>";
		};
		FAE788AE2BD0147000623467 /* Products */ = {
			isa = PBXGroup;
			children = (
				FAE788AD2BD0147000623467 /* SeSACSwiftUI.app */,
			);
			name = Products;
			sourceTree = "<group>";
		};
		FAE788AF2BD0147000623467 /* SeSACSwiftUI */ = {
			isa = PBXGroup;
			children = (
				FAE788C12BD015D700623467 /* Extension */,
				FAE788C22BD0167900623467 /* Modifier */,
				FAE788BE2BD015B800623467 /* CustomView */,
				FAE788B02BD0147000623467 /* SeSACSwiftUIApp.swift */,
				FAE788B22BD0147000623467 /* ContentView.swift */,
				FAE788B42BD0147100623467 /* Assets.xcassets */,
				FAE788B62BD0147100623467 /* Preview Content */,
			);
			path = SeSACSwiftUI;
			sourceTree = "<group>";
		};
		FAE788B62BD0147100623467 /* Preview Content */ = {
			isa = PBXGroup;
			children = (
				FAE788B72BD0147100623467 /* Preview Assets.xcassets */,
			);
			path = "Preview Content";
			sourceTree = "<group>";
		};
		FAE788BE2BD015B800623467 /* CustomView */ = {
			isa = PBXGroup;
			children = (
				FAE788C72BD017D800623467 /* MenuView.swift */,
			);
			path = CustomView;
			sourceTree = "<group>";
		};
		FAE788C12BD015D700623467 /* Extension */ = {
			isa = PBXGroup;
			children = (
				FAE788C52BD016DD00623467 /* View+Extension.swift */,
				FAE788C92BD01B4200623467 /* Color+Extension.swift */,
			);
			path = Extension;
			sourceTree = "<group>";
		};
		FAE788C22BD0167900623467 /* Modifier */ = {
			isa = PBXGroup;
			children = (
				FAE788C32BD0168A00623467 /* BlueModifier.swift */,
				FAE788CB2BD01C9600623467 /* RandomColorBackgroundModifier.swift */,
			);
			path = Modifier;
			sourceTree = "<group>";
		};
/* End PBXGroup section */

/* Begin PBXNativeTarget section */
		FAE788AC2BD0147000623467 /* SeSACSwiftUI */ = {
			isa = PBXNativeTarget;
			buildConfigurationList = FAE788BB2BD0147100623467 /* Build configuration list for PBXNativeTarget "SeSACSwiftUI" */;
			buildPhases = (
				FAE788A92BD0147000623467 /* Sources */,
				FAE788AA2BD0147000623467 /* Frameworks */,
				FAE788AB2BD0147000623467 /* Resources */,
			);
			buildRules = (
			);
			dependencies = (
			);
			name = SeSACSwiftUI;
			productName = SeSACSwiftUI;
			productReference = FAE788AD2BD0147000623467 /* SeSACSwiftUI.app */;
			productType = "com.apple.product-type.application";
		};
/* End PBXNativeTarget section */

/* Begin PBXProject section */
		FAE788A52BD0147000623467 /* Project object */ = {
			isa = PBXProject;
			attributes = {
				BuildIndependentTargetsInParallel = 1;
				LastSwiftUpdateCheck = 1530;
				LastUpgradeCheck = 1530;
				TargetAttributes = {
					FAE788AC2BD0147000623467 = {
						CreatedOnToolsVersion = 15.3;
					};
				};
			};
			buildConfigurationList = FAE788A82BD0147000623467 /* Build configuration list for PBXProject "SeSACSwiftUI" */;
			compatibilityVersion = "Xcode 14.0";
			developmentRegion = en;
			hasScannedForEncodings = 0;
			knownRegions = (
				en,
				Base,
			);
			mainGroup = FAE788A42BD0147000623467;
			productRefGroup = FAE788AE2BD0147000623467 /* Products */;
			projectDirPath = "";
			projectRoot = "";
			targets = (
				FAE788AC2BD0147000623467 /* SeSACSwiftUI */,
			);
		};
/* End PBXProject section */

/* Begin PBXResourcesBuildPhase section */
		FAE788AB2BD0147000623467 /* Resources */ = {
			isa = PBXResourcesBuildPhase;
			buildActionMask = 2147483647;
			files = (
				FAE788B82BD0147100623467 /* Preview Assets.xcassets in Resources */,
				FAE788B52BD0147100623467 /* Assets.xcassets in Resources */,
			);
			runOnlyForDeploymentPostprocessing = 0;
		};
/* End PBXResourcesBuildPhase section */

/* Begin PBXSourcesBuildPhase section */
		FAE788A92BD0147000623467 /* Sources */ = {
			isa = PBXSourcesBuildPhase;
			buildActionMask = 2147483647;
			files = (
				FAE788C82BD017D800623467 /* MenuView.swift in Sources */,
				FAE788CA2BD01B4200623467 /* Color+Extension.swift in Sources */,
				FAE788C42BD0168A00623467 /* BlueModifier.swift in Sources */,
				FAE788B32BD0147000623467 /* ContentView.swift in Sources */,
				FAE788CC2BD01C9600623467 /* RandomColorBackgroundModifier.swift in Sources */,
				FAE788C62BD016DD00623467 /* View+Extension.swift in Sources */,
				FAE788B12BD0147000623467 /* SeSACSwiftUIApp.swift in Sources */,
			);
			runOnlyForDeploymentPostprocessing = 0;
		};
/* End PBXSourcesBuildPhase section */

/* Begin XCBuildConfiguration section */
		FAE788B92BD0147100623467 /* Debug */ = {
			isa = XCBuildConfiguration;
			buildSettings = {
				ALWAYS_SEARCH_USER_PATHS = NO;
				ASSETCATALOG_COMPILER_GENERATE_SWIFT_ASSET_SYMBOL_EXTENSIONS = YES;
				CLANG_ANALYZER_NONNULL = YES;
				CLANG_ANALYZER_NUMBER_OBJECT_CONVERSION = YES_AGGRESSIVE;
				CLANG_CXX_LANGUAGE_STANDARD = "gnu++20";
				CLANG_ENABLE_MODULES = YES;
				CLANG_ENABLE_OBJC_ARC = YES;
				CLANG_ENABLE_OBJC_WEAK = YES;
				CLANG_WARN_BLOCK_CAPTURE_AUTORELEASING = YES;
				CLANG_WARN_BOOL_CONVERSION = YES;
				CLANG_WARN_COMMA = YES;
				CLANG_WARN_CONSTANT_CONVERSION = YES;
				CLANG_WARN_DEPRECATED_OBJC_IMPLEMENTATIONS = YES;
				CLANG_WARN_DIRECT_OBJC_ISA_USAGE = YES_ERROR;
				CLANG_WARN_DOCUMENTATION_COMMENTS = YES;
				CLANG_WARN_EMPTY_BODY = YES;
				CLANG_WARN_ENUM_CONVERSION = YES;
				CLANG_WARN_INFINITE_RECURSION = YES;
				CLANG_WARN_INT_CONVERSION = YES;
				CLANG_WARN_NON_LITERAL_NULL_CONVERSION = YES;
				CLANG_WARN_OBJC_IMPLICIT_RETAIN_SELF = YES;
				CLANG_WARN_OBJC_LITERAL_CONVERSION = YES;
				CLANG_WARN_OBJC_ROOT_CLASS = YES_ERROR;
				CLANG_WARN_QUOTED_INCLUDE_IN_FRAMEWORK_HEADER = YES;
				CLANG_WARN_RANGE_LOOP_ANALYSIS = YES;
				CLANG_WARN_STRICT_PROTOTYPES = YES;
				CLANG_WARN_SUSPICIOUS_MOVE = YES;
				CLANG_WARN_UNGUARDED_AVAILABILITY = YES_AGGRESSIVE;
				CLANG_WARN_UNREACHABLE_CODE = YES;
				CLANG_WARN__DUPLICATE_METHOD_MATCH = YES;
				COPY_PHASE_STRIP = NO;
				DEBUG_INFORMATION_FORMAT = dwarf;
				ENABLE_STRICT_OBJC_MSGSEND = YES;
				ENABLE_TESTABILITY = YES;
				ENABLE_USER_SCRIPT_SANDBOXING = YES;
				GCC_C_LANGUAGE_STANDARD = gnu17;
				GCC_DYNAMIC_NO_PIC = NO;
				GCC_NO_COMMON_BLOCKS = YES;
				GCC_OPTIMIZATION_LEVEL = 0;
				GCC_PREPROCESSOR_DEFINITIONS = (
					"DEBUG=1",
					"$(inherited)",
				);
				GCC_WARN_64_TO_32_BIT_CONVERSION = YES;
				GCC_WARN_ABOUT_RETURN_TYPE = YES_ERROR;
				GCC_WARN_UNDECLARED_SELECTOR = YES;
				GCC_WARN_UNINITIALIZED_AUTOS = YES_AGGRESSIVE;
				GCC_WARN_UNUSED_FUNCTION = YES;
				GCC_WARN_UNUSED_VARIABLE = YES;
				IPHONEOS_DEPLOYMENT_TARGET = 17.4;
				LOCALIZATION_PREFERS_STRING_CATALOGS = YES;
				MTL_ENABLE_DEBUG_INFO = INCLUDE_SOURCE;
				MTL_FAST_MATH = YES;
				ONLY_ACTIVE_ARCH = YES;
				SDKROOT = iphoneos;
				SWIFT_ACTIVE_COMPILATION_CONDITIONS = "DEBUG $(inherited)";
				SWIFT_OPTIMIZATION_LEVEL = "-Onone";
			};
			name = Debug;
		};
		FAE788BA2BD0147100623467 /* Release */ = {
			isa = XCBuildConfiguration;
			buildSettings = {
				ALWAYS_SEARCH_USER_PATHS = NO;
				ASSETCATALOG_COMPILER_GENERATE_SWIFT_ASSET_SYMBOL_EXTENSIONS = YES;
				CLANG_ANALYZER_NONNULL = YES;
				CLANG_ANALYZER_NUMBER_OBJECT_CONVERSION = YES_AGGRESSIVE;
				CLANG_CXX_LANGUAGE_STANDARD = "gnu++20";
				CLANG_ENABLE_MODULES = YES;
				CLANG_ENABLE_OBJC_ARC = YES;
				CLANG_ENABLE_OBJC_WEAK = YES;
				CLANG_WARN_BLOCK_CAPTURE_AUTORELEASING = YES;
				CLANG_WARN_BOOL_CONVERSION = YES;
				CLANG_WARN_COMMA = YES;
				CLANG_WARN_CONSTANT_CONVERSION = YES;
				CLANG_WARN_DEPRECATED_OBJC_IMPLEMENTATIONS = YES;
				CLANG_WARN_DIRECT_OBJC_ISA_USAGE = YES_ERROR;
				CLANG_WARN_DOCUMENTATION_COMMENTS = YES;
				CLANG_WARN_EMPTY_BODY = YES;
				CLANG_WARN_ENUM_CONVERSION = YES;
				CLANG_WARN_INFINITE_RECURSION = YES;
				CLANG_WARN_INT_CONVERSION = YES;
				CLANG_WARN_NON_LITERAL_NULL_CONVERSION = YES;
				CLANG_WARN_OBJC_IMPLICIT_RETAIN_SELF = YES;
				CLANG_WARN_OBJC_LITERAL_CONVERSION = YES;
				CLANG_WARN_OBJC_ROOT_CLASS = YES_ERROR;
				CLANG_WARN_QUOTED_INCLUDE_IN_FRAMEWORK_HEADER = YES;
				CLANG_WARN_RANGE_LOOP_ANALYSIS = YES;
				CLANG_WARN_STRICT_PROTOTYPES = YES;
				CLANG_WARN_SUSPICIOUS_MOVE = YES;
				CLANG_WARN_UNGUARDED_AVAILABILITY = YES_AGGRESSIVE;
				CLANG_WARN_UNREACHABLE_CODE = YES;
				CLANG_WARN__DUPLICATE_METHOD_MATCH = YES;
				COPY_PHASE_STRIP = NO;
				DEBUG_INFORMATION_FORMAT = "dwarf-with-dsym";
				ENABLE_NS_ASSERTIONS = NO;
				ENABLE_STRICT_OBJC_MSGSEND = YES;
				ENABLE_USER_SCRIPT_SANDBOXING = YES;
				GCC_C_LANGUAGE_STANDARD = gnu17;
				GCC_NO_COMMON_BLOCKS = YES;
				GCC_WARN_64_TO_32_BIT_CONVERSION = YES;
				GCC_WARN_ABOUT_RETURN_TYPE = YES_ERROR;
				GCC_WARN_UNDECLARED_SELECTOR = YES;
				GCC_WARN_UNINITIALIZED_AUTOS = YES_AGGRESSIVE;
				GCC_WARN_UNUSED_FUNCTION = YES;
				GCC_WARN_UNUSED_VARIABLE = YES;
				IPHONEOS_DEPLOYMENT_TARGET = 17.4;
				LOCALIZATION_PREFERS_STRING_CATALOGS = YES;
				MTL_ENABLE_DEBUG_INFO = NO;
				MTL_FAST_MATH = YES;
				SDKROOT = iphoneos;
				SWIFT_COMPILATION_MODE = wholemodule;
				VALIDATE_PRODUCT = YES;
			};
			name = Release;
		};
		FAE788BC2BD0147100623467 /* Debug */ = {
			isa = XCBuildConfiguration;
			buildSettings = {
				ASSETCATALOG_COMPILER_APPICON_NAME = AppIcon;
				ASSETCATALOG_COMPILER_GLOBAL_ACCENT_COLOR_NAME = AccentColor;
				CODE_SIGN_STYLE = Automatic;
				CURRENT_PROJECT_VERSION = 1;
				DEVELOPMENT_ASSET_PATHS = "\"SeSACSwiftUI/Preview Content\"";
				DEVELOPMENT_TEAM = JJS82CC46U;
				ENABLE_PREVIEWS = YES;
				GENERATE_INFOPLIST_FILE = YES;
				INFOPLIST_KEY_UIApplicationSceneManifest_Generation = YES;
				INFOPLIST_KEY_UIApplicationSupportsIndirectInputEvents = YES;
				INFOPLIST_KEY_UILaunchScreen_Generation = YES;
				INFOPLIST_KEY_UISupportedInterfaceOrientations_iPad = "UIInterfaceOrientationPortrait UIInterfaceOrientationPortraitUpsideDown UIInterfaceOrientationLandscapeLeft UIInterfaceOrientationLandscapeRight";
				INFOPLIST_KEY_UISupportedInterfaceOrientations_iPhone = "UIInterfaceOrientationPortrait UIInterfaceOrientationLandscapeLeft UIInterfaceOrientationLandscapeRight";
				LD_RUNPATH_SEARCH_PATHS = (
					"$(inherited)",
					"@executable_path/Frameworks",
				);
				MARKETING_VERSION = 1.0;
				PRODUCT_BUNDLE_IDENTIFIER = com.crisine.SeSACSwiftUI;
				PRODUCT_NAME = "$(TARGET_NAME)";
				SWIFT_EMIT_LOC_STRINGS = YES;
				SWIFT_VERSION = 5.0;
				TARGETED_DEVICE_FAMILY = "1,2";
			};
			name = Debug;
		};
		FAE788BD2BD0147100623467 /* Release */ = {
			isa = XCBuildConfiguration;
			buildSettings = {
				ASSETCATALOG_COMPILER_APPICON_NAME = AppIcon;
				ASSETCATALOG_COMPILER_GLOBAL_ACCENT_COLOR_NAME = AccentColor;
				CODE_SIGN_STYLE = Automatic;
				CURRENT_PROJECT_VERSION = 1;
				DEVELOPMENT_ASSET_PATHS = "\"SeSACSwiftUI/Preview Content\"";
				DEVELOPMENT_TEAM = JJS82CC46U;
				ENABLE_PREVIEWS = YES;
				GENERATE_INFOPLIST_FILE = YES;
				INFOPLIST_KEY_UIApplicationSceneManifest_Generation = YES;
				INFOPLIST_KEY_UIApplicationSupportsIndirectInputEvents = YES;
				INFOPLIST_KEY_UILaunchScreen_Generation = YES;
				INFOPLIST_KEY_UISupportedInterfaceOrientations_iPad = "UIInterfaceOrientationPortrait UIInterfaceOrientationPortraitUpsideDown UIInterfaceOrientationLandscapeLeft UIInterfaceOrientationLandscapeRight";
				INFOPLIST_KEY_UISupportedInterfaceOrientations_iPhone = "UIInterfaceOrientationPortrait UIInterfaceOrientationLandscapeLeft UIInterfaceOrientationLandscapeRight";
				LD_RUNPATH_SEARCH_PATHS = (
					"$(inherited)",
					"@executable_path/Frameworks",
				);
				MARKETING_VERSION = 1.0;
				PRODUCT_BUNDLE_IDENTIFIER = com.crisine.SeSACSwiftUI;
				PRODUCT_NAME = "$(TARGET_NAME)";
				SWIFT_EMIT_LOC_STRINGS = YES;
				SWIFT_VERSION = 5.0;
				TARGETED_DEVICE_FAMILY = "1,2";
			};
			name = Release;
		};
/* End XCBuildConfiguration section */

/* Begin XCConfigurationList section */
		FAE788A82BD0147000623467 /* Build configuration list for PBXProject "SeSACSwiftUI" */ = {
			isa = XCConfigurationList;
			buildConfigurations = (
				FAE788B92BD0147100623467 /* Debug */,
				FAE788BA2BD0147100623467 /* Release */,
			);
			defaultConfigurationIsVisible = 0;
			defaultConfigurationName = Release;
		};
		FAE788BB2BD0147100623467 /* Build configuration list for PBXNativeTarget "SeSACSwiftUI" */ = {
			isa = XCConfigurationList;
			buildConfigurations = (
				FAE788BC2BD0147100623467 /* Debug */,
				FAE788BD2BD0147100623467 /* Release */,
			);
			defaultConfigurationIsVisible = 0;
			defaultConfigurationName = Release;
		};
/* End XCConfigurationList section */
	};
	rootObject = FAE788A52BD0147000623467 /* Project object */;
}
